version = 1
revision = 1
requires-python = "==3.10.*"

[[package]]
name = "beautifulsoup4"
version = "4.13.4"
source = { registry = "https://pypi.org/simple" }
dependencies = [
    { name = "soupsieve" },
    { name = "typing-extensions" },
]
sdist = { url = "https://files.pythonhosted.org/packages/d8/e4/0c4c39e18fd76d6a628d4dd8da40543d136ce2d1752bd6eeeab0791f4d6b/beautifulsoup4-4.13.4.tar.gz", hash = "sha256:dbb3c4e1ceae6aefebdaf2423247260cd062430a410e38c66f2baa50a8437195", size = 621067 }
wheels = [
    { url = "https://files.pythonhosted.org/packages/50/cd/30110dc0ffcf3b131156077b90e9f60ed75711223f306da4db08eff8403b/beautifulsoup4-4.13.4-py3-none-any.whl", hash = "sha256:9bbbb14bfde9d79f38b8cd5f8c7c85f4b8f2523190ebed90e950a8dea4cb1c4b", size = 187285 },
]

[[package]]
name = "certifi"
version = "2025.4.26"
source = { registry = "https://pypi.org/simple" }
sdist = { url = "https://files.pythonhosted.org/packages/e8/9e/c05b3920a3b7d20d3d3310465f50348e5b3694f4f88c6daf736eef3024c4/certifi-2025.4.26.tar.gz", hash = "sha256:0a816057ea3cdefcef70270d2c515e4506bbc954f417fa5ade2021213bb8f0c6", size = 160705 }
wheels = [
    { url = "https://files.pythonhosted.org/packages/4a/7e/3db2bd1b1f9e95f7cddca6d6e75e2f2bd9f51b1246e546d88addca0106bd/certifi-2025.4.26-py3-none-any.whl", hash = "sha256:30350364dfe371162649852c63336a15c70c6510c2ad5015b21c2345311805f3", size = 159618 },
]

[[package]]
name = "charset-normalizer"
version = "3.4.2"
source = { registry = "https://pypi.org/simple" }
sdist = { url = "https://files.pythonhosted.org/packages/e4/33/89c2ced2b67d1c2a61c19c6751aa8902d46ce3dacb23600a283619f5a12d/charset_normalizer-3.4.2.tar.gz", hash = "sha256:5baececa9ecba31eff645232d59845c07aa030f0c81ee70184a90d35099a0e63", size = 126367 }
wheels = [
    { url = "https://files.pythonhosted.org/packages/95/28/9901804da60055b406e1a1c5ba7aac1276fb77f1dde635aabfc7fd84b8ab/charset_normalizer-3.4.2-cp310-cp310-macosx_10_9_universal2.whl", hash = "sha256:7c48ed483eb946e6c04ccbe02c6b4d1d48e51944b6db70f697e089c193404941", size = 201818 },
    { url = "https://files.pythonhosted.org/packages/d9/9b/892a8c8af9110935e5adcbb06d9c6fe741b6bb02608c6513983048ba1a18/charset_normalizer-3.4.2-cp310-cp310-manylinux_2_17_aarch64.manylinux2014_aarch64.whl", hash = "sha256:b2d318c11350e10662026ad0eb71bb51c7812fc8590825304ae0bdd4ac283acd", size = 144649 },
    { url = "https://files.pythonhosted.org/packages/7b/a5/4179abd063ff6414223575e008593861d62abfc22455b5d1a44995b7c101/charset_normalizer-3.4.2-cp310-cp310-manylinux_2_17_ppc64le.manylinux2014_ppc64le.whl", hash = "sha256:9cbfacf36cb0ec2897ce0ebc5d08ca44213af24265bd56eca54bee7923c48fd6", size = 155045 },
    { url = "https://files.pythonhosted.org/packages/3b/95/bc08c7dfeddd26b4be8c8287b9bb055716f31077c8b0ea1cd09553794665/charset_normalizer-3.4.2-cp310-cp310-manylinux_2_17_s390x.manylinux2014_s390x.whl", hash = "sha256:18dd2e350387c87dabe711b86f83c9c78af772c748904d372ade190b5c7c9d4d", size = 147356 },
    { url = "https://files.pythonhosted.org/packages/a8/2d/7a5b635aa65284bf3eab7653e8b4151ab420ecbae918d3e359d1947b4d61/charset_normalizer-3.4.2-cp310-cp310-manylinux_2_17_x86_64.manylinux2014_x86_64.whl", hash = "sha256:8075c35cd58273fee266c58c0c9b670947c19df5fb98e7b66710e04ad4e9ff86", size = 149471 },
    { url = "https://files.pythonhosted.org/packages/ae/38/51fc6ac74251fd331a8cfdb7ec57beba8c23fd5493f1050f71c87ef77ed0/charset_normalizer-3.4.2-cp310-cp310-manylinux_2_5_i686.manylinux1_i686.manylinux_2_17_i686.manylinux2014_i686.whl", hash = "sha256:5bf4545e3b962767e5c06fe1738f951f77d27967cb2caa64c28be7c4563e162c", size = 151317 },
    { url = "https://files.pythonhosted.org/packages/b7/17/edee1e32215ee6e9e46c3e482645b46575a44a2d72c7dfd49e49f60ce6bf/charset_normalizer-3.4.2-cp310-cp310-musllinux_1_2_aarch64.whl", hash = "sha256:7a6ab32f7210554a96cd9e33abe3ddd86732beeafc7a28e9955cdf22ffadbab0", size = 146368 },
    { url = "https://files.pythonhosted.org/packages/26/2c/ea3e66f2b5f21fd00b2825c94cafb8c326ea6240cd80a91eb09e4a285830/charset_normalizer-3.4.2-cp310-cp310-musllinux_1_2_i686.whl", hash = "sha256:b33de11b92e9f75a2b545d6e9b6f37e398d86c3e9e9653c4864eb7e89c5773ef", size = 154491 },
    { url = "https://files.pythonhosted.org/packages/52/47/7be7fa972422ad062e909fd62460d45c3ef4c141805b7078dbab15904ff7/charset_normalizer-3.4.2-cp310-cp310-musllinux_1_2_ppc64le.whl", hash = "sha256:8755483f3c00d6c9a77f490c17e6ab0c8729e39e6390328e42521ef175380ae6", size = 157695 },
    { url = "https://files.pythonhosted.org/packages/2f/42/9f02c194da282b2b340f28e5fb60762de1151387a36842a92b533685c61e/charset_normalizer-3.4.2-cp310-cp310-musllinux_1_2_s390x.whl", hash = "sha256:68a328e5f55ec37c57f19ebb1fdc56a248db2e3e9ad769919a58672958e8f366", size = 154849 },
    { url = "https://files.pythonhosted.org/packages/67/44/89cacd6628f31fb0b63201a618049be4be2a7435a31b55b5eb1c3674547a/charset_normalizer-3.4.2-cp310-cp310-musllinux_1_2_x86_64.whl", hash = "sha256:21b2899062867b0e1fde9b724f8aecb1af14f2778d69aacd1a5a1853a597a5db", size = 150091 },
    { url = "https://files.pythonhosted.org/packages/1f/79/4b8da9f712bc079c0f16b6d67b099b0b8d808c2292c937f267d816ec5ecc/charset_normalizer-3.4.2-cp310-cp310-win32.whl", hash = "sha256:e8082b26888e2f8b36a042a58307d5b917ef2b1cacab921ad3323ef91901c71a", size = 98445 },
    { url = "https://files.pythonhosted.org/packages/7d/d7/96970afb4fb66497a40761cdf7bd4f6fca0fc7bafde3a84f836c1f57a926/charset_normalizer-3.4.2-cp310-cp310-win_amd64.whl", hash = "sha256:f69a27e45c43520f5487f27627059b64aaf160415589230992cec34c5e18a509", size = 105782 },
    { url = "https://files.pythonhosted.org/packages/20/94/c5790835a017658cbfabd07f3bfb549140c3ac458cfc196323996b10095a/charset_normalizer-3.4.2-py3-none-any.whl", hash = "sha256:7f56930ab0abd1c45cd15be65cc741c28b1c9a34876ce8c17a2fa107810c0af0", size = 52626 },
]

[[package]]
name = "dnspython"
version = "2.7.0"
source = { registry = "https://pypi.org/simple" }
sdist = { url = "https://files.pythonhosted.org/packages/b5/4a/263763cb2ba3816dd94b08ad3a33d5fdae34ecb856678773cc40a3605829/dnspython-2.7.0.tar.gz", hash = "sha256:ce9c432eda0dc91cf618a5cedf1a4e142651196bbcd2c80e89ed5a907e5cfaf1", size = 345197 }
wheels = [
    { url = "https://files.pythonhosted.org/packages/68/1b/e0a87d256e40e8c888847551b20a017a6b98139178505dc7ffb96f04e954/dnspython-2.7.0-py3-none-any.whl", hash = "sha256:b4c34b7d10b51bcc3a5071e7b8dee77939f1e878477eeecc965e9835f63c6c86", size = 313632 },
]

[[package]]
name = "dotenv"
version = "0.9.9"
source = { registry = "https://pypi.org/simple" }
dependencies = [
    { name = "python-dotenv" },
]
wheels = [
    { url = "https://files.pythonhosted.org/packages/b2/b7/545d2c10c1fc15e48653c91efde329a790f2eecfbbf2bd16003b5db2bab0/dotenv-0.9.9-py2.py3-none-any.whl", hash = "sha256:29cf74a087b31dafdb5a446b6d7e11cbce8ed2741540e2339c69fbef92c94ce9", size = 1892 },
]

[[package]]
name = "ffmpeg"
version = "1.4"
source = { registry = "https://pypi.org/simple" }
sdist = { url = "https://files.pythonhosted.org/packages/f0/cc/3b7408b8ecf7c1d20ad480c3eaed7619857bf1054b690226e906fdf14258/ffmpeg-1.4.tar.gz", hash = "sha256:6931692c890ff21d39938433c2189747815dca0c60ddc7f9bb97f199dba0b5b9", size = 5055 }

[[package]]
name = "ffprobe"
version = "0.5"
source = { registry = "https://pypi.org/simple" }
sdist = { url = "https://files.pythonhosted.org/packages/95/9c/adf90d21108d41f611aa921defd2f2e56d3f92724e4b5aa41fae7a9972aa/ffprobe-0.5.zip", hash = "sha256:f7dc048df62c6ccc1c602c865a7f0976b2679200fd07ebdc34ce51e9a8205b76", size = 3530 }

[[package]]
name = "idna"
version = "3.10"
source = { registry = "https://pypi.org/simple" }
sdist = { url = "https://files.pythonhosted.org/packages/f1/70/7703c29685631f5a7590aa73f1f1d3fa9a380e654b86af429e0934a32f7d/idna-3.10.tar.gz", hash = "sha256:12f65c9b470abda6dc35cf8e63cc574b1c52b11df2c86030af0ac09b01b13ea9", size = 190490 }
wheels = [
    { url = "https://files.pythonhosted.org/packages/76/c6/c88e154df9c4e1a2a66ccf0005a88dfb2650c1dffb6f5ce603dfbd452ce3/idna-3.10-py3-none-any.whl", hash = "sha256:946d195a0d259cbba61165e88e65941f16e9b36ea6ddb97f00452bae8b1287d3", size = 70442 },
]

[[package]]
name = "music-recommendation-engine"
version = "0.1.0"
source = { virtual = "." }
dependencies = [
    { name = "beautifulsoup4" },
    { name = "dotenv" },
    { name = "ffmpeg" },
    { name = "ffprobe" },
    { name = "numpy" },
    { name = "psycopg2" },
    { name = "pymongo" },
    { name = "requests" },
    { name = "yt-dlp" },
]

[package.metadata]
requires-dist = [
    { name = "beautifulsoup4", specifier = ">=4.13.4" },
    { name = "dotenv", specifier = ">=0.9.9" },
    { name = "ffmpeg", specifier = ">=1.4" },
    { name = "ffprobe", specifier = ">=0.5" },
    { name = "numpy", specifier = ">=2.2.4" },
    { name = "psycopg2", specifier = ">=2.9.10" },
    { name = "pymongo", specifier = ">=4.12.0" },
    { name = "requests", specifier = ">=2.32.3" },
    { name = "yt-dlp", specifier = ">=2025.3.31" },
]

[[package]]
name = "numpy"
version = "2.2.5"
source = { registry = "https://pypi.org/simple" }
sdist = { url = "https://files.pythonhosted.org/packages/dc/b2/ce4b867d8cd9c0ee84938ae1e6a6f7926ebf928c9090d036fc3c6a04f946/numpy-2.2.5.tar.gz", hash = "sha256:a9c0d994680cd991b1cb772e8b297340085466a6fe964bc9d4e80f5e2f43c291", size = 20273920 }
wheels = [
    { url = "https://files.pythonhosted.org/packages/ef/4e/3d9e6d16237c2aa5485695f0626cbba82f6481efca2e9132368dea3b885e/numpy-2.2.5-cp310-cp310-macosx_10_9_x86_64.whl", hash = "sha256:1f4a922da1729f4c40932b2af4fe84909c7a6e167e6e99f71838ce3a29f3fe26", size = 21252117 },
    { url = "https://files.pythonhosted.org/packages/38/e4/db91349d4079cd15c02ff3b4b8882a529991d6aca077db198a2f2a670406/numpy-2.2.5-cp310-cp310-macosx_11_0_arm64.whl", hash = "sha256:b6f91524d31b34f4a5fee24f5bc16dcd1491b668798b6d85585d836c1e633a6a", size = 14424615 },
    { url = "https://files.pythonhosted.org/packages/f8/59/6e5b011f553c37b008bd115c7ba7106a18f372588fbb1b430b7a5d2c41ce/numpy-2.2.5-cp310-cp310-macosx_14_0_arm64.whl", hash = "sha256:19f4718c9012e3baea91a7dba661dcab2451cda2550678dc30d53acb91a7290f", size = 5428691 },
    { url = "https://files.pythonhosted.org/packages/a2/58/d5d70ebdac82b3a6ddf409b3749ca5786636e50fd64d60edb46442af6838/numpy-2.2.5-cp310-cp310-macosx_14_0_x86_64.whl", hash = "sha256:eb7fd5b184e5d277afa9ec0ad5e4eb562ecff541e7f60e69ee69c8d59e9aeaba", size = 6965010 },
    { url = "https://files.pythonhosted.org/packages/dc/a8/c290394be346d4e7b48a40baf292626fd96ec56a6398ace4c25d9079bc6a/numpy-2.2.5-cp310-cp310-manylinux_2_17_aarch64.manylinux2014_aarch64.whl", hash = "sha256:6413d48a9be53e183eb06495d8e3b006ef8f87c324af68241bbe7a39e8ff54c3", size = 14369885 },
    { url = "https://files.pythonhosted.org/packages/c2/70/fed13c70aabe7049368553e81d7ca40f305f305800a007a956d7cd2e5476/numpy-2.2.5-cp310-cp310-manylinux_2_17_x86_64.manylinux2014_x86_64.whl", hash = "sha256:7451f92eddf8503c9b8aa4fe6aa7e87fd51a29c2cfc5f7dbd72efde6c65acf57", size = 16418372 },
    { url = "https://files.pythonhosted.org/packages/04/ab/c3c14f25ddaecd6fc58a34858f6a93a21eea6c266ba162fa99f3d0de12ac/numpy-2.2.5-cp310-cp310-musllinux_1_2_aarch64.whl", hash = "sha256:0bcb1d057b7571334139129b7f941588f69ce7c4ed15a9d6162b2ea54ded700c", size = 15883173 },
    { url = "https://files.pythonhosted.org/packages/50/18/f53710a19042911c7aca824afe97c203728a34b8cf123e2d94621a12edc3/numpy-2.2.5-cp310-cp310-musllinux_1_2_x86_64.whl", hash = "sha256:36ab5b23915887543441efd0417e6a3baa08634308894316f446027611b53bf1", size = 18206881 },
    { url = "https://files.pythonhosted.org/packages/6b/ec/5b407bab82f10c65af5a5fe754728df03f960fd44d27c036b61f7b3ef255/numpy-2.2.5-cp310-cp310-win32.whl", hash = "sha256:422cc684f17bc963da5f59a31530b3936f57c95a29743056ef7a7903a5dbdf88", size = 6609852 },
    { url = "https://files.pythonhosted.org/packages/b6/f5/467ca8675c7e6c567f571d8db942cc10a87588bd9e20a909d8af4171edda/numpy-2.2.5-cp310-cp310-win_amd64.whl", hash = "sha256:e4f0b035d9d0ed519c813ee23e0a733db81ec37d2e9503afbb6e54ccfdee0fa7", size = 12944922 },
    { url = "https://files.pythonhosted.org/packages/35/e4/5ef5ef1d4308f96961198b2323bfc7c7afb0ccc0d623b01c79bc87ab496d/numpy-2.2.5-pp310-pypy310_pp73-macosx_10_15_x86_64.whl", hash = "sha256:b4ea7e1cff6784e58fe281ce7e7f05036b3e1c89c6f922a6bfbc0a7e8768adbe", size = 21083404 },
    { url = "https://files.pythonhosted.org/packages/a3/5f/bde9238e8e977652a16a4b114ed8aa8bb093d718c706eeecb5f7bfa59572/numpy-2.2.5-pp310-pypy310_pp73-macosx_14_0_x86_64.whl", hash = "sha256:d7543263084a85fbc09c704b515395398d31d6395518446237eac219eab9e55e", size = 6828578 },
    { url = "https://files.pythonhosted.org/packages/ef/7f/813f51ed86e559ab2afb6a6f33aa6baf8a560097e25e4882a938986c76c2/numpy-2.2.5-pp310-pypy310_pp73-manylinux_2_17_x86_64.manylinux2014_x86_64.whl", hash = "sha256:0255732338c4fdd00996c0421884ea8a3651eea555c3a56b84892b66f696eb70", size = 16234796 },
    { url = "https://files.pythonhosted.org/packages/68/67/1175790323026d3337cc285cc9c50eca637d70472b5e622529df74bb8f37/numpy-2.2.5-pp310-pypy310_pp73-win_amd64.whl", hash = "sha256:d2e3bdadaba0e040d1e7ab39db73e0afe2c74ae277f5614dad53eadbecbbb169", size = 12859001 },
]

[[package]]
name = "psycopg2"
version = "2.9.10"
source = { registry = "https://pypi.org/simple" }
sdist = { url = "https://files.pythonhosted.org/packages/62/51/2007ea29e605957a17ac6357115d0c1a1b60c8c984951c19419b3474cdfd/psycopg2-2.9.10.tar.gz", hash = "sha256:12ec0b40b0273f95296233e8750441339298e6a572f7039da5b260e3c8b60e11", size = 385672 }
wheels = [
    { url = "https://files.pythonhosted.org/packages/0a/a9/146b6bdc0d33539a359f5e134ee6dda9173fb8121c5b96af33fa299e50c4/psycopg2-2.9.10-cp310-cp310-win32.whl", hash = "sha256:5df2b672140f95adb453af93a7d669d7a7bf0a56bcd26f1502329166f4a61716", size = 1024527 },
    { url = "https://files.pythonhosted.org/packages/47/50/c509e56f725fd2572b59b69bd964edaf064deebf1c896b2452f6b46fdfb3/psycopg2-2.9.10-cp310-cp310-win_amd64.whl", hash = "sha256:c6f7b8561225f9e711a9c47087388a97fdc948211c10a4bccbf0ba68ab7b3b5a", size = 1163735 },
]

[[package]]
name = "pymongo"
version = "4.12.1"
source = { registry = "https://pypi.org/simple" }
dependencies = [
    { name = "dnspython" },
]
sdist = { url = "https://files.pythonhosted.org/packages/85/27/3634b2e8d88ad210ee6edac69259c698aefed4a79f0f7356cd625d5c423c/pymongo-4.12.1.tar.gz", hash = "sha256:8921bac7f98cccb593d76c4d8eaa1447e7d537ba9a2a202973e92372a05bd1eb", size = 2165515 }
wheels = [
    { url = "https://files.pythonhosted.org/packages/4a/41/0766f509780cacce742f135ddfa952a6376450687cfdc2bd79ce7b9c39b0/pymongo-4.12.1-cp310-cp310-macosx_10_9_x86_64.whl", hash = "sha256:1897c64a11e19aae4e85126441f319c3bf3fb7b60d122f51528cab2b95caaad3", size = 801550 },
    { url = "https://files.pythonhosted.org/packages/c2/00/74f7bafb2d0b142ebebf5959aed804ad17844cfa5cd5e82344113f6a6308/pymongo-4.12.1-cp310-cp310-macosx_11_0_arm64.whl", hash = "sha256:0ba42b4f2046595f64c492ef73c92ac78c502db59024c9be0113d0a33ed60c15", size = 801846 },
    { url = "https://files.pythonhosted.org/packages/af/ac/9ccd8977189b6bc6abe84466feddb918b0ab9e72cb5212eda1d45aa89e78/pymongo-4.12.1-cp310-cp310-manylinux_2_17_aarch64.manylinux2014_aarch64.whl", hash = "sha256:777800dc731ea7713635a44dcfb93d88eb2be4b31883feb3238afce5d32ef6d5", size = 1179217 },
    { url = "https://files.pythonhosted.org/packages/98/d0/82ac6d8d5dd97d1191d16017c1da67fe3ab07f2d259c0ce4334b810eeab2/pymongo-4.12.1-cp310-cp310-manylinux_2_17_ppc64le.manylinux2014_ppc64le.whl", hash = "sha256:670bb6c9163f2623d8e3c42ff029dc89d2e8bf41feeeea4c11a8a21f9a9b0df7", size = 1213435 },
    { url = "https://files.pythonhosted.org/packages/3f/ba/e35c73683650ebd52e1aceafb6a0f25cadee658f9f4f95500b72ea599e39/pymongo-4.12.1-cp310-cp310-manylinux_2_17_s390x.manylinux2014_s390x.whl", hash = "sha256:7c9d447042433b3574df8d7d1b3bb9b1f1277d019534b29a39fd92670ab72d4e", size = 1196351 },
    { url = "https://files.pythonhosted.org/packages/74/3e/363d094b0b42ee28d4127b6cf3f7d3550ccfc601908cee4e3ba3fa1c5a95/pymongo-4.12.1-cp310-cp310-manylinux_2_17_x86_64.manylinux2014_x86_64.whl", hash = "sha256:c0c8dbb6a10753cbbbcb3e8ab723f87cb520de855e667a32dd2889e73323e82f", size = 1182365 },
    { url = "https://files.pythonhosted.org/packages/1d/e4/7808a1db2fdcb8658e158cf42a3a9242ef26d55aea8f69f608139971d7ea/pymongo-4.12.1-cp310-cp310-manylinux_2_5_i686.manylinux1_i686.manylinux_2_17_i686.manylinux2014_i686.whl", hash = "sha256:0bd0cc14726baa07081abe8ecda309a1049992b84b37d3c50c5fbd7f935b8925", size = 1161527 },
    { url = "https://files.pythonhosted.org/packages/25/6f/ef0a5c7dbfb23b88681f2d653e3374e0eb7e47214223f4fb9f2c7922417f/pymongo-4.12.1-cp310-cp310-win32.whl", hash = "sha256:e75c42dedc5f59a985976f8bc2e2f0b90c44ce40fa9a2e99b147ec7e64c735a2", size = 787562 },
    { url = "https://files.pythonhosted.org/packages/b2/9e/3fa8311fa42c29468f303fc05cbd38c974c4245db380f3e3e18629544d79/pymongo-4.12.1-cp310-cp310-win_amd64.whl", hash = "sha256:13953f8bbdbfee00530ac9f5c09a2474b81cd76648925012b5cfd2727293bd17", size = 796895 },
]

[[package]]
name = "python-dotenv"
version = "1.1.0"
source = { registry = "https://pypi.org/simple" }
sdist = { url = "https://files.pythonhosted.org/packages/88/2c/7bb1416c5620485aa793f2de31d3df393d3686aa8a8506d11e10e13c5baf/python_dotenv-1.1.0.tar.gz", hash = "sha256:41f90bc6f5f177fb41f53e87666db362025010eb28f60a01c9143bfa33a2b2d5", size = 39920 }
wheels = [
    { url = "https://files.pythonhosted.org/packages/1e/18/98a99ad95133c6a6e2005fe89faedf294a748bd5dc803008059409ac9b1e/python_dotenv-1.1.0-py3-none-any.whl", hash = "sha256:d7c01d9e2293916c18baf562d95698754b0dbbb5e74d457c45d4f6561fb9d55d", size = 20256 },
]

[[package]]
name = "requests"
version = "2.32.3"
source = { registry = "https://pypi.org/simple" }
dependencies = [
    { name = "certifi" },
    { name = "charset-normalizer" },
    { name = "idna" },
    { name = "urllib3" },
]
sdist = { url = "https://files.pythonhosted.org/packages/63/70/2bf7780ad2d390a8d301ad0b550f1581eadbd9a20f896afe06353c2a2913/requests-2.32.3.tar.gz", hash = "sha256:55365417734eb18255590a9ff9eb97e9e1da868d4ccd6402399eaf68af20a760", size = 131218 }
wheels = [
    { url = "https://files.pythonhosted.org/packages/f9/9b/335f9764261e915ed497fcdeb11df5dfd6f7bf257d4a6a2a686d80da4d54/requests-2.32.3-py3-none-any.whl", hash = "sha256:70761cfe03c773ceb22aa2f671b4757976145175cdfca038c02654d061d6dcc6", size = 64928 },
]

[[package]]
name = "soupsieve"
version = "2.7"
source = { registry = "https://pypi.org/simple" }
sdist = { url = "https://files.pythonhosted.org/packages/3f/f4/4a80cd6ef364b2e8b65b15816a843c0980f7a5a2b4dc701fc574952aa19f/soupsieve-2.7.tar.gz", hash = "sha256:ad282f9b6926286d2ead4750552c8a6142bc4c783fd66b0293547c8fe6ae126a", size = 103418 }
wheels = [
    { url = "https://files.pythonhosted.org/packages/e7/9c/0e6afc12c269578be5c0c1c9f4b49a8d32770a080260c333ac04cc1c832d/soupsieve-2.7-py3-none-any.whl", hash = "sha256:6e60cc5c1ffaf1cebcc12e8188320b72071e922c2e897f737cadce79ad5d30c4", size = 36677 },
]

[[package]]
name = "typing-extensions"
version = "4.13.2"
source = { registry = "https://pypi.org/simple" }
sdist = { url = "https://files.pythonhosted.org/packages/f6/37/23083fcd6e35492953e8d2aaaa68b860eb422b34627b13f2ce3eb6106061/typing_extensions-4.13.2.tar.gz", hash = "sha256:e6c81219bd689f51865d9e372991c540bda33a0379d5573cddb9a3a23f7caaef", size = 106967 }
wheels = [
    { url = "https://files.pythonhosted.org/packages/8b/54/b1ae86c0973cc6f0210b53d508ca3641fb6d0c56823f288d108bc7ab3cc8/typing_extensions-4.13.2-py3-none-any.whl", hash = "sha256:a439e7c04b49fec3e5d3e2beaa21755cadbbdc391694e28ccdd36ca4a1408f8c", size = 45806 },
]

[[package]]
name = "urllib3"
version = "2.4.0"
source = { registry = "https://pypi.org/simple" }
sdist = { url = "https://files.pythonhosted.org/packages/8a/78/16493d9c386d8e60e442a35feac5e00f0913c0f4b7c217c11e8ec2ff53e0/urllib3-2.4.0.tar.gz", hash = "sha256:414bc6535b787febd7567804cc015fee39daab8ad86268f1310a9250697de466", size = 390672 }
wheels = [
    { url = "https://files.pythonhosted.org/packages/6b/11/cc635220681e93a0183390e26485430ca2c7b5f9d33b15c74c2861cb8091/urllib3-2.4.0-py3-none-any.whl", hash = "sha256:4e16665048960a0900c702d4a66415956a584919c03361cac9f1df5c5dd7e813", size = 128680 },
]

[[package]]
name = "yt-dlp"
version = "2025.4.30"
source = { registry = "https://pypi.org/simple" }
sdist = { url = "https://files.pythonhosted.org/packages/75/ca/1d1a33dec2107463f59bc4b448fcf43718d86a36b6150e8a0cfd1a96a893/yt_dlp-2025.4.30.tar.gz", hash = "sha256:d01367d0c3ae94e35cb1e2eccb7a7c70e181c4ca448f4ee2374f26489d263603", size = 2981094 }
wheels = [
    { url = "https://files.pythonhosted.org/packages/ea/18/bbccb18661a853c3db947152439229b9bf686fe0ab2cc7848ab3a24f2ad2/yt_dlp-2025.4.30-py3-none-any.whl", hash = "sha256:53cd82bf13f12a1fe9c564b0004e001156b153c9247fa3cef14d1400ab359150", size = 3239476 },
]
